<?xml version="1.0" encoding="utf-8"?>
<Project ToolsVersion="18.0" xmlns="http://schemas.microsoft.com/developer/msbuild/2003">
  <ItemGroup>
    <ClCompile Include="C:\Users\papas\2025_20697488\Worksheet7\Exercise1\CylinderExample.cxx">
      <Filter>Source Files</Filter>
    </ClCompile>
  </ItemGroup>
  <ItemGroup>
    <CustomBuild Include="C:\Users\papas\2025_20697488\Worksheet7\Exercise1\CMakeLists.txt" />
  </ItemGroup>
  <ItemGroup>
    <Filter Include="Source Files">
      <UniqueIdentifier>{A039043D-AF1D-32D1-B596-1F24590878F3}</UniqueIdentifier>
    </Filter>
  </ItemGroup>
</Project>
